
Microsoft Visual Studio Solution File, Format Version 12.00
# Visual Studio 2013
VisualStudioVersion = 12.0.31101.0
MinimumVisualStudioVersion = 10.0.40219.1
Project("{FAE04EC0-301F-11D3-BF4B-00C04F79EFBC}") = "SoftFluent.Windows", "SoftFluent.Windows\SoftFluent.Windows.csproj", "{11262EA6-320A-4352-96D3-64E9444F89CE}"
EndProject
Project("{FAE04EC0-301F-11D3-BF4B-00C04F79EFBC}") = "SoftFluent.Windows.Samples", "SoftFluent.Windows.Samples\SoftFluent.Windows.Samples.csproj", "{815070AF-96B7-460C-AD63-58F50464465F}"
EndProject
Global
	GlobalSection(SolutionConfigurationPlatforms) = preSolution
		Debug|Any CPU = Debug|Any CPU
		Release|Any CPU = Release|Any CPU
	EndGlobalSection
	GlobalSection(ProjectConfigurationPlatforms) = postSolution
		{11262EA6-320A-4352-96D3-64E9444F89CE}.Debug|Any CPU.ActiveCfg = Debug|Any CPU
		{11262EA6-320A-4352-96D3-64E9444F89CE}.Debug|Any CPU.Build.0 = Debug|Any CPU
		{11262EA6-320A-4352-96D3-64E9444F89CE}.Release|Any CPU.ActiveCfg = Release|Any CPU
		{11262EA6-320A-4352-96D3-64E9444F89CE}.Release|Any CPU.Build.0 = Release|Any CPU
		{815070AF-96B7-460C-AD63-58F50464465F}.Debug|Any CPU.ActiveCfg = Debug|Any CPU
		{815070AF-96B7-460C-AD63-58F50464465F}.Debug|Any CPU.Build.0 = Debug|Any CPU
		{815070AF-96B7-460C-AD63-58F50464465F}.Release|Any CPU.ActiveCfg = Release|Any CPU
		{815070AF-96B7-460C-AD63-58F50464465F}.Release|Any CPU.Build.0 = Release|Any CPU
	EndGlobalSection
	GlobalSection(SolutionProperties) = preSolution
		HideSolutionNode = FALSE
	EndGlobalSection
EndGlobal
